# DecentHolograms - Skyblock NPC Hologram
# Place above the Skyblock NPC
location:
  world: lobby
  x: -5.5
  y: 68.0
  z: -5.5
lines:
  - '&3&l🏝 &b&lSKYBLOCK &3&l🏝'
  - '&7Inseln • Minions • Skills'
  - '&7Spieler online: &e%server_online_skyblock%'
display-range: 32
update-range: 32
update-interval: 200
